
Microsoft Visual Studio Solution File, Format Version 12.00
# Visual Studio Version 17
VisualStudioVersion = 17.10.34916.146
MinimumVisualStudioVersion = 10.0.40219.1
Project("{9A19103F-16F7-4668-BE54-9A1E7A4F7556}") = "ToyRobotSimulatorConsole", "ToyRobotSimulatorConsole\ToyRobotSimulatorConsole.csproj", "{924151A0-DA84-4BA3-AD21-BD2F6E0AB0C3}"
EndProject
Project("{9A19103F-16F7-4668-BE54-9A1E7A4F7556}") = "TestProject", "TestProject\TestProject.csproj", "{FB9EE0AB-A7BE-4336-98BC-28A4BC9403D8}"
EndProject
Project("{2150E333-8FDC-42A3-9474-1A3956D46DE8}") = "Solution Items", "Solution Items", "{E234D637-7DAB-4A65-AE41-49297FE85411}"
	ProjectSection(SolutionItems) = preProject
		README.md = README.md
	EndProjectSection
EndProject
Global
	GlobalSection(SolutionConfigurationPlatforms) = preSolution
		Debug|Any CPU = Debug|Any CPU
		Release|Any CPU = Release|Any CPU
	EndGlobalSection
	GlobalSection(ProjectConfigurationPlatforms) = postSolution
		{924151A0-DA84-4BA3-AD21-BD2F6E0AB0C3}.Debug|Any CPU.ActiveCfg = Debug|Any CPU
		{924151A0-DA84-4BA3-AD21-BD2F6E0AB0C3}.Debug|Any CPU.Build.0 = Debug|Any CPU
		{924151A0-DA84-4BA3-AD21-BD2F6E0AB0C3}.Release|Any CPU.ActiveCfg = Release|Any CPU
		{924151A0-DA84-4BA3-AD21-BD2F6E0AB0C3}.Release|Any CPU.Build.0 = Release|Any CPU
		{FB9EE0AB-A7BE-4336-98BC-28A4BC9403D8}.Debug|Any CPU.ActiveCfg = Debug|Any CPU
		{FB9EE0AB-A7BE-4336-98BC-28A4BC9403D8}.Debug|Any CPU.Build.0 = Debug|Any CPU
		{FB9EE0AB-A7BE-4336-98BC-28A4BC9403D8}.Release|Any CPU.ActiveCfg = Release|Any CPU
		{FB9EE0AB-A7BE-4336-98BC-28A4BC9403D8}.Release|Any CPU.Build.0 = Release|Any CPU
	EndGlobalSection
	GlobalSection(SolutionProperties) = preSolution
		HideSolutionNode = FALSE
	EndGlobalSection
	GlobalSection(ExtensibilityGlobals) = postSolution
		SolutionGuid = {AA9390E8-87D1-4C8F-B728-2F38BD40EFC4}
	EndGlobalSection
EndGlobal
